
Microsoft Visual Studio Solution File, Format Version 12.00
# Visual Studio Version 17
VisualStudioVersion = 17.0.32112.339
MinimumVisualStudioVersion = 10.0.40219.1
Project("{9A19103F-16F7-4668-BE54-9A1E7A4F7556}") = "app", "app.csproj", "{F542D445-F6C1-4465-B716-CA8CD9FD0E8B}"
EndProject
Global
	GlobalSection(SolutionConfigurationPlatforms) = preSolution
		Debug|Any CPU = Debug|Any CPU
		Release|Any CPU = Release|Any CPU
	EndGlobalSection
	GlobalSection(ProjectConfigurationPlatforms) = postSolution
		{F542D445-F6C1-4465-B716-CA8CD9FD0E8B}.Debug|Any CPU.ActiveCfg = Debug|Any CPU
		{F542D445-F6C1-4465-B716-CA8CD9FD0E8B}.Debug|Any CPU.Build.0 = Debug|Any CPU
		{F542D445-F6C1-4465-B716-CA8CD9FD0E8B}.Release|Any CPU.ActiveCfg = Release|Any CPU
		{F542D445-F6C1-4465-B716-CA8CD9FD0E8B}.Release|Any CPU.Build.0 = Release|Any CPU
	EndGlobalSection
	GlobalSection(SolutionProperties) = preSolution
		HideSolutionNode = FALSE
	EndGlobalSection
	GlobalSection(ExtensibilityGlobals) = postSolution
		SolutionGuid = {FFB96F7D-C97B-44C2-A308-A8ECC90255F9}
	EndGlobalSection
EndGlobal
