
Microsoft Visual Studio Solution File, Format Version 12.00
# Visual Studio Version 17
VisualStudioVersion = 17.0.32112.339
MinimumVisualStudioVersion = 10.0.40219.1
Project("{9A19103F-16F7-4668-BE54-9A1E7A4F7556}") = "UnicaucaConectada", "UnicaucaConectada.csproj", "{9FEB3A6F-3676-4D0E-A3FD-8B0C17886977}"
EndProject
Project("{54435603-DBB4-11D2-8724-00A0C9A8B90C}") = "UC_Setup", "..\..\UC_Setup\UC_Setup\UC_Setup.vdproj", "{FEB216B4-6E24-4777-A2DB-87199C4F1A66}"
EndProject
Global
	GlobalSection(SolutionConfigurationPlatforms) = preSolution
		Debug|Any CPU = Debug|Any CPU
		Release|Any CPU = Release|Any CPU
	EndGlobalSection
	GlobalSection(ProjectConfigurationPlatforms) = postSolution
		{9FEB3A6F-3676-4D0E-A3FD-8B0C17886977}.Debug|Any CPU.ActiveCfg = Debug|Any CPU
		{9FEB3A6F-3676-4D0E-A3FD-8B0C17886977}.Debug|Any CPU.Build.0 = Debug|Any CPU
		{9FEB3A6F-3676-4D0E-A3FD-8B0C17886977}.Release|Any CPU.ActiveCfg = Release|Any CPU
		{9FEB3A6F-3676-4D0E-A3FD-8B0C17886977}.Release|Any CPU.Build.0 = Release|Any CPU
		{FEB216B4-6E24-4777-A2DB-87199C4F1A66}.Debug|Any CPU.ActiveCfg = Debug
		{FEB216B4-6E24-4777-A2DB-87199C4F1A66}.Release|Any CPU.ActiveCfg = Release
	EndGlobalSection
	GlobalSection(SolutionProperties) = preSolution
		HideSolutionNode = FALSE
	EndGlobalSection
	GlobalSection(ExtensibilityGlobals) = postSolution
		SolutionGuid = {239C0837-0E7D-4384-89CD-620719F089A4}
	EndGlobalSection
EndGlobal
